
Microsoft Visual Studio Solution File, Format Version 12.00
# Visual Studio Version 16
VisualStudioVersion = 16.0.29411.108
MinimumVisualStudioVersion = 10.0.40219.1
Project("{FAE04EC0-301F-11D3-BF4B-00C04F79EFBC}") = "Inventory2", "Inventory2\Inventory2.csproj", "{4BF9A87D-9933-40F9-AA08-F9116F98F3D8}"
EndProject
Global
	GlobalSection(SolutionConfigurationPlatforms) = preSolution
		Debug|Any CPU = Debug|Any CPU
		Release|Any CPU = Release|Any CPU
	EndGlobalSection
	GlobalSection(ProjectConfigurationPlatforms) = postSolution
		{4BF9A87D-9933-40F9-AA08-F9116F98F3D8}.Debug|Any CPU.ActiveCfg = Debug|Any CPU
		{4BF9A87D-9933-40F9-AA08-F9116F98F3D8}.Debug|Any CPU.Build.0 = Debug|Any CPU
		{4BF9A87D-9933-40F9-AA08-F9116F98F3D8}.Release|Any CPU.ActiveCfg = Release|Any CPU
		{4BF9A87D-9933-40F9-AA08-F9116F98F3D8}.Release|Any CPU.Build.0 = Release|Any CPU
	EndGlobalSection
	GlobalSection(SolutionProperties) = preSolution
		HideSolutionNode = FALSE
	EndGlobalSection
	GlobalSection(ExtensibilityGlobals) = postSolution
		SolutionGuid = {348C6E02-4DC5-4AF6-B2A7-EAA1C6805928}
	EndGlobalSection
EndGlobal
